
Microsoft Visual Studio Solution File, Format Version 12.00
# Visual Studio Version 17
VisualStudioVersion = 17.0.31903.59
MinimumVisualStudioVersion = 10.0.40219.1
Project("{9A19103F-16F7-4668-BE54-9A1E7A4F7556}") = "Acme.BookStore.Domain", "src\Acme.BookStore.Domain\Acme.BookStore.Domain.csproj", "{554AD327-6DBA-4F8F-96F8-81CE7A0C863F}"
EndProject
Project("{9A19103F-16F7-4668-BE54-9A1E7A4F7556}") = "Acme.BookStore.Application", "src\Acme.BookStore.Application\Acme.BookStore.Application.csproj", "{1A94A50E-06DC-43C1-80B5-B662820EC3EB}"
EndProject
Project("{9A19103F-16F7-4668-BE54-9A1E7A4F7556}") = "Acme.BookStore.EntityFrameworkCore", "src\Acme.BookStore.EntityFrameworkCore\Acme.BookStore.EntityFrameworkCore.csproj", "{C956DD76-69C8-4A9C-83EA-D17DF83340FD}"
EndProject
Project("{2150E333-8FDC-42A3-9474-1A3956D46DE8}") = "src", "src", "{CA9AC87F-097E-4F15-8393-4BC07735A5B0}"
EndProject
Project("{2150E333-8FDC-42A3-9474-1A3956D46DE8}") = "test", "test", "{04DBDB01-70F4-4E06-B468-8F87850B22BE}"
EndProject
Project("{9A19103F-16F7-4668-BE54-9A1E7A4F7556}") = "Acme.BookStore.Domain.Shared", "src\Acme.BookStore.Domain.Shared\Acme.BookStore.Domain.Shared.csproj", "{42F719ED-8413-4895-B5B4-5AB56079BC66}"
EndProject
Project("{9A19103F-16F7-4668-BE54-9A1E7A4F7556}") = "Acme.BookStore.Application.Contracts", "src\Acme.BookStore.Application.Contracts\Acme.BookStore.Application.Contracts.csproj", "{520659C8-C734-4298-A3DA-B539DB9DFC0B}"
EndProject
Project("{9A19103F-16F7-4668-BE54-9A1E7A4F7556}") = "Acme.BookStore.HttpApi", "src\Acme.BookStore.HttpApi\Acme.BookStore.HttpApi.csproj", "{4164BDF7-F527-4E85-9CE6-E3C2D7426A27}"
EndProject
Project("{9A19103F-16F7-4668-BE54-9A1E7A4F7556}") = "Acme.BookStore.HttpApi.Client", "src\Acme.BookStore.HttpApi.Client\Acme.BookStore.HttpApi.Client.csproj", "{3B5A0094-670D-4BB1-BFDD-61B88A8773DC}"
EndProject
Project("{9A19103F-16F7-4668-BE54-9A1E7A4F7556}") = "Acme.BookStore.DbMigrator", "src\Acme.BookStore.DbMigrator\Acme.BookStore.DbMigrator.csproj", "{AA94D832-1CCC-4715-95A9-A483F23A1A5D}"
EndProject
Project("{9A19103F-16F7-4668-BE54-9A1E7A4F7556}") = "Acme.BookStore.HttpApi.Host", "src\Acme.BookStore.HttpApi.Host\Acme.BookStore.HttpApi.Host.csproj", "{748584B1-BA69-4F6A-81AA-F4BDE6BCE29D}"
EndProject
Project("{9A19103F-16F7-4668-BE54-9A1E7A4F7556}") = "Acme.BookStore.Blazor", "src\Acme.BookStore.Blazor\Acme.BookStore.Blazor.csproj", "{27B2DDC7-8B75-4322-A312-25419C15D9D8}"
EndProject
Project("{2150E333-8FDC-42A3-9474-1A3956D46DE8}") = "framework", "framework", "{54D0694F-462D-4885-9C48-3E952330810C}"
EndProject
Project("{9A19103F-16F7-4668-BE54-9A1E7A4F7556}") = "Volo.Abp.Account.Blazor", "..\framework\Volo.Abp.Account.Blazor\Volo.Abp.Account.Blazor.csproj", "{A1979D3A-CD27-4ADA-96B7-4D2204D1AEE4}"
EndProject
Project("{9A19103F-16F7-4668-BE54-9A1E7A4F7556}") = "Snow.Aba.AntdBlazorUI", "..\framework\Volo.Abp.AntBlazorUI\Snow.Aba.AntdBlazorUI.csproj", "{BE9FC66E-C1DE-47AB-AD78-15E26E5A94EB}"
EndProject
Project("{9A19103F-16F7-4668-BE54-9A1E7A4F7556}") = "Snow.Aba.AspNetCore.Components.Web.BasicTheme", "..\framework\Volo.Abp.AspNetCore.Components.Web.BasicTheme\Snow.Aba.AspNetCore.Components.Web.BasicTheme.csproj", "{8286121F-ACC5-4BC7-9F64-8E23E8BF4A57}"
EndProject
Project("{9A19103F-16F7-4668-BE54-9A1E7A4F7556}") = "Snow.Aba.AspNetCore.Components.Web.Theming", "..\framework\Volo.Abp.AspNetCore.Components.Web.Theming\Snow.Aba.AspNetCore.Components.Web.Theming.csproj", "{4B45640E-A3CD-4EF4-90FF-2DE811F8BED7}"
EndProject
Project("{9A19103F-16F7-4668-BE54-9A1E7A4F7556}") = "Snow.Aba.AspNetCore.Components.WebAssembly", "..\framework\Volo.Abp.AspNetCore.Components.WebAssembly\Snow.Aba.AspNetCore.Components.WebAssembly.csproj", "{C5EADC28-C0AB-4D47-8D6E-8FD6F12299D2}"
EndProject
Project("{9A19103F-16F7-4668-BE54-9A1E7A4F7556}") = "Snow.Aba.AspNetCore.Components.WebAssembly.BasicTheme", "..\framework\Volo.Abp.AspNetCore.Components.WebAssembly.BasicTheme\Snow.Aba.AspNetCore.Components.WebAssembly.BasicTheme.csproj", "{824327BD-D194-4630-93A6-A70FBDC0EB8D}"
EndProject
Project("{9A19103F-16F7-4668-BE54-9A1E7A4F7556}") = "Snow.Aba.AspNetCore.Components.WebAssembly.Theming", "..\framework\Volo.Abp.AspNetCore.Components.WebAssembly.Theming\Snow.Aba.AspNetCore.Components.WebAssembly.Theming.csproj", "{A0686893-2EF5-4F11-832C-1575E4255B89}"
EndProject
Project("{2150E333-8FDC-42A3-9474-1A3956D46DE8}") = "module", "module", "{A1DC50D3-A5D6-45C1-A9AD-9894C099420E}"
EndProject
Project("{2150E333-8FDC-42A3-9474-1A3956D46DE8}") = "identity", "identity", "{AF7239C0-09CB-4A78-A9D5-9FC186146D04}"
EndProject
Project("{2150E333-8FDC-42A3-9474-1A3956D46DE8}") = "permission-management", "permission-management", "{4D0F1FA6-F321-4D35-8675-11C288989A64}"
EndProject
Project("{9A19103F-16F7-4668-BE54-9A1E7A4F7556}") = "Snow.Aba.Identity.Blazor", "..\module\identity\Volo.Abp.Identity.Blazor\Snow.Aba.Identity.Blazor.csproj", "{7A3DC14E-3BEB-4B88-82B0-52E2191E962D}"
EndProject
Project("{9A19103F-16F7-4668-BE54-9A1E7A4F7556}") = "Snow.Aba.Identity.Blazor.WebAssembly", "..\module\identity\Volo.Abp.Identity.Blazor.WebAssembly\Snow.Aba.Identity.Blazor.WebAssembly.csproj", "{850E205E-35DD-4BB2-AB4D-25D6E69982C5}"
EndProject
Project("{9A19103F-16F7-4668-BE54-9A1E7A4F7556}") = "Snow.Aba.PermissionManagement.Blazor", "..\module\permission-management\Volo.Abp.PermissionManagement.Blazor\Snow.Aba.PermissionManagement.Blazor.csproj", "{0B18EAA2-E822-450D-8979-F3E0729A36E6}"
EndProject
Project("{9A19103F-16F7-4668-BE54-9A1E7A4F7556}") = "Snow.Aba.PermissionManagement.Blazor.WebAssembly", "..\module\permission-management\Volo.Abp.PermissionManagement.Blazor.WebAssembly\Snow.Aba.PermissionManagement.Blazor.WebAssembly.csproj", "{99B770DE-2083-4C9F-9C78-9C07AB66F56F}"
EndProject
Project("{2150E333-8FDC-42A3-9474-1A3956D46DE8}") = "setting-management", "setting-management", "{76A4AC44-A934-4BB2-A80C-9BFBD17F98AD}"
EndProject
Project("{9A19103F-16F7-4668-BE54-9A1E7A4F7556}") = "Snow.Aba.SettingManagement.Blazor", "..\module\setting-management\Volo.Abp.SettingManagement.Blazor\Snow.Aba.SettingManagement.Blazor.csproj", "{1FCDA742-13B5-4DB4-9221-882A60110AD2}"
EndProject
Project("{9A19103F-16F7-4668-BE54-9A1E7A4F7556}") = "Snow.Aba.SettingManagement.Blazor.WebAssembly", "..\module\setting-management\Volo.Abp.SettingManagement.Blazor.WebAssembly\Snow.Aba.SettingManagement.Blazor.WebAssembly.csproj", "{8D5432CE-C294-442B-8522-AB8991AD5A32}"
EndProject
Global
	GlobalSection(SolutionConfigurationPlatforms) = preSolution
		Debug|Any CPU = Debug|Any CPU
		Release|Any CPU = Release|Any CPU
	EndGlobalSection
	GlobalSection(ProjectConfigurationPlatforms) = postSolution
		{554AD327-6DBA-4F8F-96F8-81CE7A0C863F}.Debug|Any CPU.ActiveCfg = Debug|Any CPU
		{554AD327-6DBA-4F8F-96F8-81CE7A0C863F}.Debug|Any CPU.Build.0 = Debug|Any CPU
		{554AD327-6DBA-4F8F-96F8-81CE7A0C863F}.Release|Any CPU.ActiveCfg = Release|Any CPU
		{554AD327-6DBA-4F8F-96F8-81CE7A0C863F}.Release|Any CPU.Build.0 = Release|Any CPU
		{1A94A50E-06DC-43C1-80B5-B662820EC3EB}.Debug|Any CPU.ActiveCfg = Debug|Any CPU
		{1A94A50E-06DC-43C1-80B5-B662820EC3EB}.Debug|Any CPU.Build.0 = Debug|Any CPU
		{1A94A50E-06DC-43C1-80B5-B662820EC3EB}.Release|Any CPU.ActiveCfg = Release|Any CPU
		{1A94A50E-06DC-43C1-80B5-B662820EC3EB}.Release|Any CPU.Build.0 = Release|Any CPU
		{C956DD76-69C8-4A9C-83EA-D17DF83340FD}.Debug|Any CPU.ActiveCfg = Debug|Any CPU
		{C956DD76-69C8-4A9C-83EA-D17DF83340FD}.Debug|Any CPU.Build.0 = Debug|Any CPU
		{C956DD76-69C8-4A9C-83EA-D17DF83340FD}.Release|Any CPU.ActiveCfg = Release|Any CPU
		{C956DD76-69C8-4A9C-83EA-D17DF83340FD}.Release|Any CPU.Build.0 = Release|Any CPU
		{42F719ED-8413-4895-B5B4-5AB56079BC66}.Debug|Any CPU.ActiveCfg = Debug|Any CPU
		{42F719ED-8413-4895-B5B4-5AB56079BC66}.Debug|Any CPU.Build.0 = Debug|Any CPU
		{42F719ED-8413-4895-B5B4-5AB56079BC66}.Release|Any CPU.ActiveCfg = Release|Any CPU
		{42F719ED-8413-4895-B5B4-5AB56079BC66}.Release|Any CPU.Build.0 = Release|Any CPU
		{520659C8-C734-4298-A3DA-B539DB9DFC0B}.Debug|Any CPU.ActiveCfg = Debug|Any CPU
		{520659C8-C734-4298-A3DA-B539DB9DFC0B}.Debug|Any CPU.Build.0 = Debug|Any CPU
		{520659C8-C734-4298-A3DA-B539DB9DFC0B}.Release|Any CPU.ActiveCfg = Release|Any CPU
		{520659C8-C734-4298-A3DA-B539DB9DFC0B}.Release|Any CPU.Build.0 = Release|Any CPU
		{4164BDF7-F527-4E85-9CE6-E3C2D7426A27}.Debug|Any CPU.ActiveCfg = Debug|Any CPU
		{4164BDF7-F527-4E85-9CE6-E3C2D7426A27}.Debug|Any CPU.Build.0 = Debug|Any CPU
		{4164BDF7-F527-4E85-9CE6-E3C2D7426A27}.Release|Any CPU.ActiveCfg = Release|Any CPU
		{4164BDF7-F527-4E85-9CE6-E3C2D7426A27}.Release|Any CPU.Build.0 = Release|Any CPU
		{3B5A0094-670D-4BB1-BFDD-61B88A8773DC}.Debug|Any CPU.ActiveCfg = Debug|Any CPU
		{3B5A0094-670D-4BB1-BFDD-61B88A8773DC}.Debug|Any CPU.Build.0 = Debug|Any CPU
		{3B5A0094-670D-4BB1-BFDD-61B88A8773DC}.Release|Any CPU.ActiveCfg = Release|Any CPU
		{3B5A0094-670D-4BB1-BFDD-61B88A8773DC}.Release|Any CPU.Build.0 = Release|Any CPU
		{AA94D832-1CCC-4715-95A9-A483F23A1A5D}.Debug|Any CPU.ActiveCfg = Debug|Any CPU
		{AA94D832-1CCC-4715-95A9-A483F23A1A5D}.Debug|Any CPU.Build.0 = Debug|Any CPU
		{AA94D832-1CCC-4715-95A9-A483F23A1A5D}.Release|Any CPU.ActiveCfg = Release|Any CPU
		{AA94D832-1CCC-4715-95A9-A483F23A1A5D}.Release|Any CPU.Build.0 = Release|Any CPU
		{748584B1-BA69-4F6A-81AA-F4BDE6BCE29D}.Debug|Any CPU.ActiveCfg = Debug|Any CPU
		{748584B1-BA69-4F6A-81AA-F4BDE6BCE29D}.Debug|Any CPU.Build.0 = Debug|Any CPU
		{748584B1-BA69-4F6A-81AA-F4BDE6BCE29D}.Release|Any CPU.ActiveCfg = Release|Any CPU
		{748584B1-BA69-4F6A-81AA-F4BDE6BCE29D}.Release|Any CPU.Build.0 = Release|Any CPU
		{27B2DDC7-8B75-4322-A312-25419C15D9D8}.Debug|Any CPU.ActiveCfg = Debug|Any CPU
		{27B2DDC7-8B75-4322-A312-25419C15D9D8}.Debug|Any CPU.Build.0 = Debug|Any CPU
		{27B2DDC7-8B75-4322-A312-25419C15D9D8}.Release|Any CPU.ActiveCfg = Release|Any CPU
		{27B2DDC7-8B75-4322-A312-25419C15D9D8}.Release|Any CPU.Build.0 = Release|Any CPU
		{A1979D3A-CD27-4ADA-96B7-4D2204D1AEE4}.Debug|Any CPU.ActiveCfg = Debug|Any CPU
		{A1979D3A-CD27-4ADA-96B7-4D2204D1AEE4}.Debug|Any CPU.Build.0 = Debug|Any CPU
		{A1979D3A-CD27-4ADA-96B7-4D2204D1AEE4}.Release|Any CPU.ActiveCfg = Release|Any CPU
		{A1979D3A-CD27-4ADA-96B7-4D2204D1AEE4}.Release|Any CPU.Build.0 = Release|Any CPU
		{BE9FC66E-C1DE-47AB-AD78-15E26E5A94EB}.Debug|Any CPU.ActiveCfg = Debug|Any CPU
		{BE9FC66E-C1DE-47AB-AD78-15E26E5A94EB}.Debug|Any CPU.Build.0 = Debug|Any CPU
		{BE9FC66E-C1DE-47AB-AD78-15E26E5A94EB}.Release|Any CPU.ActiveCfg = Release|Any CPU
		{BE9FC66E-C1DE-47AB-AD78-15E26E5A94EB}.Release|Any CPU.Build.0 = Release|Any CPU
		{8286121F-ACC5-4BC7-9F64-8E23E8BF4A57}.Debug|Any CPU.ActiveCfg = Debug|Any CPU
		{8286121F-ACC5-4BC7-9F64-8E23E8BF4A57}.Debug|Any CPU.Build.0 = Debug|Any CPU
		{8286121F-ACC5-4BC7-9F64-8E23E8BF4A57}.Release|Any CPU.ActiveCfg = Release|Any CPU
		{8286121F-ACC5-4BC7-9F64-8E23E8BF4A57}.Release|Any CPU.Build.0 = Release|Any CPU
		{4B45640E-A3CD-4EF4-90FF-2DE811F8BED7}.Debug|Any CPU.ActiveCfg = Debug|Any CPU
		{4B45640E-A3CD-4EF4-90FF-2DE811F8BED7}.Debug|Any CPU.Build.0 = Debug|Any CPU
		{4B45640E-A3CD-4EF4-90FF-2DE811F8BED7}.Release|Any CPU.ActiveCfg = Release|Any CPU
		{4B45640E-A3CD-4EF4-90FF-2DE811F8BED7}.Release|Any CPU.Build.0 = Release|Any CPU
		{C5EADC28-C0AB-4D47-8D6E-8FD6F12299D2}.Debug|Any CPU.ActiveCfg = Debug|Any CPU
		{C5EADC28-C0AB-4D47-8D6E-8FD6F12299D2}.Debug|Any CPU.Build.0 = Debug|Any CPU
		{C5EADC28-C0AB-4D47-8D6E-8FD6F12299D2}.Release|Any CPU.ActiveCfg = Release|Any CPU
		{C5EADC28-C0AB-4D47-8D6E-8FD6F12299D2}.Release|Any CPU.Build.0 = Release|Any CPU
		{824327BD-D194-4630-93A6-A70FBDC0EB8D}.Debug|Any CPU.ActiveCfg = Debug|Any CPU
		{824327BD-D194-4630-93A6-A70FBDC0EB8D}.Debug|Any CPU.Build.0 = Debug|Any CPU
		{824327BD-D194-4630-93A6-A70FBDC0EB8D}.Release|Any CPU.ActiveCfg = Release|Any CPU
		{824327BD-D194-4630-93A6-A70FBDC0EB8D}.Release|Any CPU.Build.0 = Release|Any CPU
		{A0686893-2EF5-4F11-832C-1575E4255B89}.Debug|Any CPU.ActiveCfg = Debug|Any CPU
		{A0686893-2EF5-4F11-832C-1575E4255B89}.Debug|Any CPU.Build.0 = Debug|Any CPU
		{A0686893-2EF5-4F11-832C-1575E4255B89}.Release|Any CPU.ActiveCfg = Release|Any CPU
		{A0686893-2EF5-4F11-832C-1575E4255B89}.Release|Any CPU.Build.0 = Release|Any CPU
		{7A3DC14E-3BEB-4B88-82B0-52E2191E962D}.Debug|Any CPU.ActiveCfg = Debug|Any CPU
		{7A3DC14E-3BEB-4B88-82B0-52E2191E962D}.Debug|Any CPU.Build.0 = Debug|Any CPU
		{7A3DC14E-3BEB-4B88-82B0-52E2191E962D}.Release|Any CPU.ActiveCfg = Release|Any CPU
		{7A3DC14E-3BEB-4B88-82B0-52E2191E962D}.Release|Any CPU.Build.0 = Release|Any CPU
		{850E205E-35DD-4BB2-AB4D-25D6E69982C5}.Debug|Any CPU.ActiveCfg = Debug|Any CPU
		{850E205E-35DD-4BB2-AB4D-25D6E69982C5}.Debug|Any CPU.Build.0 = Debug|Any CPU
		{850E205E-35DD-4BB2-AB4D-25D6E69982C5}.Release|Any CPU.ActiveCfg = Release|Any CPU
		{850E205E-35DD-4BB2-AB4D-25D6E69982C5}.Release|Any CPU.Build.0 = Release|Any CPU
		{0B18EAA2-E822-450D-8979-F3E0729A36E6}.Debug|Any CPU.ActiveCfg = Debug|Any CPU
		{0B18EAA2-E822-450D-8979-F3E0729A36E6}.Debug|Any CPU.Build.0 = Debug|Any CPU
		{0B18EAA2-E822-450D-8979-F3E0729A36E6}.Release|Any CPU.ActiveCfg = Release|Any CPU
		{0B18EAA2-E822-450D-8979-F3E0729A36E6}.Release|Any CPU.Build.0 = Release|Any CPU
		{99B770DE-2083-4C9F-9C78-9C07AB66F56F}.Debug|Any CPU.ActiveCfg = Debug|Any CPU
		{99B770DE-2083-4C9F-9C78-9C07AB66F56F}.Debug|Any CPU.Build.0 = Debug|Any CPU
		{99B770DE-2083-4C9F-9C78-9C07AB66F56F}.Release|Any CPU.ActiveCfg = Release|Any CPU
		{99B770DE-2083-4C9F-9C78-9C07AB66F56F}.Release|Any CPU.Build.0 = Release|Any CPU
		{1FCDA742-13B5-4DB4-9221-882A60110AD2}.Debug|Any CPU.ActiveCfg = Debug|Any CPU
		{1FCDA742-13B5-4DB4-9221-882A60110AD2}.Debug|Any CPU.Build.0 = Debug|Any CPU
		{1FCDA742-13B5-4DB4-9221-882A60110AD2}.Release|Any CPU.ActiveCfg = Release|Any CPU
		{1FCDA742-13B5-4DB4-9221-882A60110AD2}.Release|Any CPU.Build.0 = Release|Any CPU
		{8D5432CE-C294-442B-8522-AB8991AD5A32}.Debug|Any CPU.ActiveCfg = Debug|Any CPU
		{8D5432CE-C294-442B-8522-AB8991AD5A32}.Debug|Any CPU.Build.0 = Debug|Any CPU
		{8D5432CE-C294-442B-8522-AB8991AD5A32}.Release|Any CPU.ActiveCfg = Release|Any CPU
		{8D5432CE-C294-442B-8522-AB8991AD5A32}.Release|Any CPU.Build.0 = Release|Any CPU
	EndGlobalSection
	GlobalSection(SolutionProperties) = preSolution
		HideSolutionNode = FALSE
	EndGlobalSection
	GlobalSection(NestedProjects) = preSolution
		{554AD327-6DBA-4F8F-96F8-81CE7A0C863F} = {CA9AC87F-097E-4F15-8393-4BC07735A5B0}
		{1A94A50E-06DC-43C1-80B5-B662820EC3EB} = {CA9AC87F-097E-4F15-8393-4BC07735A5B0}
		{C956DD76-69C8-4A9C-83EA-D17DF83340FD} = {CA9AC87F-097E-4F15-8393-4BC07735A5B0}
		{42F719ED-8413-4895-B5B4-5AB56079BC66} = {CA9AC87F-097E-4F15-8393-4BC07735A5B0}
		{520659C8-C734-4298-A3DA-B539DB9DFC0B} = {CA9AC87F-097E-4F15-8393-4BC07735A5B0}
		{4164BDF7-F527-4E85-9CE6-E3C2D7426A27} = {CA9AC87F-097E-4F15-8393-4BC07735A5B0}
		{3B5A0094-670D-4BB1-BFDD-61B88A8773DC} = {CA9AC87F-097E-4F15-8393-4BC07735A5B0}
		{AA94D832-1CCC-4715-95A9-A483F23A1A5D} = {CA9AC87F-097E-4F15-8393-4BC07735A5B0}
		{748584B1-BA69-4F6A-81AA-F4BDE6BCE29D} = {CA9AC87F-097E-4F15-8393-4BC07735A5B0}
		{27B2DDC7-8B75-4322-A312-25419C15D9D8} = {CA9AC87F-097E-4F15-8393-4BC07735A5B0}
		{A1979D3A-CD27-4ADA-96B7-4D2204D1AEE4} = {54D0694F-462D-4885-9C48-3E952330810C}
		{BE9FC66E-C1DE-47AB-AD78-15E26E5A94EB} = {54D0694F-462D-4885-9C48-3E952330810C}
		{8286121F-ACC5-4BC7-9F64-8E23E8BF4A57} = {54D0694F-462D-4885-9C48-3E952330810C}
		{4B45640E-A3CD-4EF4-90FF-2DE811F8BED7} = {54D0694F-462D-4885-9C48-3E952330810C}
		{C5EADC28-C0AB-4D47-8D6E-8FD6F12299D2} = {54D0694F-462D-4885-9C48-3E952330810C}
		{824327BD-D194-4630-93A6-A70FBDC0EB8D} = {54D0694F-462D-4885-9C48-3E952330810C}
		{A0686893-2EF5-4F11-832C-1575E4255B89} = {54D0694F-462D-4885-9C48-3E952330810C}
		{AF7239C0-09CB-4A78-A9D5-9FC186146D04} = {A1DC50D3-A5D6-45C1-A9AD-9894C099420E}
		{4D0F1FA6-F321-4D35-8675-11C288989A64} = {A1DC50D3-A5D6-45C1-A9AD-9894C099420E}
		{7A3DC14E-3BEB-4B88-82B0-52E2191E962D} = {AF7239C0-09CB-4A78-A9D5-9FC186146D04}
		{850E205E-35DD-4BB2-AB4D-25D6E69982C5} = {AF7239C0-09CB-4A78-A9D5-9FC186146D04}
		{0B18EAA2-E822-450D-8979-F3E0729A36E6} = {4D0F1FA6-F321-4D35-8675-11C288989A64}
		{99B770DE-2083-4C9F-9C78-9C07AB66F56F} = {4D0F1FA6-F321-4D35-8675-11C288989A64}
		{76A4AC44-A934-4BB2-A80C-9BFBD17F98AD} = {A1DC50D3-A5D6-45C1-A9AD-9894C099420E}
		{1FCDA742-13B5-4DB4-9221-882A60110AD2} = {76A4AC44-A934-4BB2-A80C-9BFBD17F98AD}
		{8D5432CE-C294-442B-8522-AB8991AD5A32} = {76A4AC44-A934-4BB2-A80C-9BFBD17F98AD}
	EndGlobalSection
	GlobalSection(ExtensibilityGlobals) = postSolution
		SolutionGuid = {28315BFD-90E7-4E14-A2EA-F3D23AF4126F}
	EndGlobalSection
EndGlobal
